// !$*UTF8*$!
{
	archiveVersion = 1;
	classes = {
	};
	objectVersion = 56;
	objects = {

/* Begin PBXBuildFile section */
		323F32072B1A2265002A27A5 /* securePassApp.swift in Sources */ = {isa = PBXBuildFile; fileRef = 323F32062B1A2265002A27A5 /* securePassApp.swift */; };
		323F32092B1A2265002A27A5 /* ContentView.swift in Sources */ = {isa = PBXBuildFile; fileRef = 323F32082B1A2265002A27A5 /* ContentView.swift */; };
		323F320B2B1A2267002A27A5 /* Assets.xcassets in Resources */ = {isa = PBXBuildFile; fileRef = 323F320A2B1A2267002A27A5 /* Assets.xcassets */; };
		323F320E2B1A2267002A27A5 /* Preview Assets.xcassets in Resources */ = {isa = PBXBuildFile; fileRef = 323F320D2B1A2267002A27A5 /* Preview Assets.xcassets */; };
		323F32152B1A2323002A27A5 /* GoogleService-Info.plist in Resources */ = {isa = PBXBuildFile; fileRef = 323F32142B1A2322002A27A5 /* GoogleService-Info.plist */; };
		323F32182B1A2394002A27A5 /* FirebaseAnalytics in Frameworks */ = {isa = PBXBuildFile; productRef = 323F32172B1A2394002A27A5 /* FirebaseAnalytics */; };
		323F321A2B1A2394002A27A5 /* FirebaseAnalyticsSwift in Frameworks */ = {isa = PBXBuildFile; productRef = 323F32192B1A2394002A27A5 /* FirebaseAnalyticsSwift */; };
		323F321D2B1A265C002A27A5 /* FirebaseAuth in Frameworks */ = {isa = PBXBuildFile; productRef = 323F321C2B1A265C002A27A5 /* FirebaseAuth */; };
		323F321F2B1A2825002A27A5 /* emailSignInView.swift in Sources */ = {isa = PBXBuildFile; fileRef = 323F321E2B1A2825002A27A5 /* emailSignInView.swift */; };
		323F32212B1A2BF9002A27A5 /* authManager.swift in Sources */ = {isa = PBXBuildFile; fileRef = 323F32202B1A2BF9002A27A5 /* authManager.swift */; };
		323F32252B1A3215002A27A5 /* homeView.swift in Sources */ = {isa = PBXBuildFile; fileRef = 323F32242B1A3215002A27A5 /* homeView.swift */; };
		323F32272B1A352F002A27A5 /* rootView.swift in Sources */ = {isa = PBXBuildFile; fileRef = 323F32262B1A352F002A27A5 /* rootView.swift */; };
		324571A52B1D793C00C9377E /* FirebaseFirestore in Frameworks */ = {isa = PBXBuildFile; productRef = 324571A42B1D793C00C9377E /* FirebaseFirestore */; };
		324571A72B1D793C00C9377E /* FirebaseFirestoreSwift in Frameworks */ = {isa = PBXBuildFile; productRef = 324571A62B1D793C00C9377E /* FirebaseFirestoreSwift */; };
		324571A92B1D79D400C9377E /* profileView.swift in Sources */ = {isa = PBXBuildFile; fileRef = 324571A82B1D79D400C9377E /* profileView.swift */; };
		327997402B1B6E76009255C4 /* emailUpdateView.swift in Sources */ = {isa = PBXBuildFile; fileRef = 3279973F2B1B6E75009255C4 /* emailUpdateView.swift */; };
		327997422B1B7AE7009255C4 /* passwordUpdateView.swift in Sources */ = {isa = PBXBuildFile; fileRef = 327997412B1B7AE7009255C4 /* passwordUpdateView.swift */; };
		329C24EA2B1F6A4500AC7CD8 /* userManager.swift in Sources */ = {isa = PBXBuildFile; fileRef = 329C24E92B1F6A4500AC7CD8 /* userManager.swift */; };
/* End PBXBuildFile section */

/* Begin PBXFileReference section */
		323F32032B1A2265002A27A5 /* securePass.app */ = {isa = PBXFileReference; explicitFileType = wrapper.application; includeInIndex = 0; path = securePass.app; sourceTree = BUILT_PRODUCTS_DIR; };
		323F32062B1A2265002A27A5 /* securePassApp.swift */ = {isa = PBXFileReference; lastKnownFileType = sourcecode.swift; path = securePassApp.swift; sourceTree = "<group>"; };
		323F32082B1A2265002A27A5 /* ContentView.swift */ = {isa = PBXFileReference; lastKnownFileType = sourcecode.swift; path = ContentView.swift; sourceTree = "<group>"; };
		323F320A2B1A2267002A27A5 /* Assets.xcassets */ = {isa = PBXFileReference; lastKnownFileType = folder.assetcatalog; path = Assets.xcassets; sourceTree = "<group>"; };
		323F320D2B1A2267002A27A5 /* Preview Assets.xcassets */ = {isa = PBXFileReference; lastKnownFileType = folder.assetcatalog; path = "Preview Assets.xcassets"; sourceTree = "<group>"; };
		323F32142B1A2322002A27A5 /* GoogleService-Info.plist */ = {isa = PBXFileReference; fileEncoding = 4; lastKnownFileType = text.plist.xml; path = "GoogleService-Info.plist"; sourceTree = "<group>"; };
		323F321E2B1A2825002A27A5 /* emailSignInView.swift */ = {isa = PBXFileReference; lastKnownFileType = sourcecode.swift; path = emailSignInView.swift; sourceTree = "<group>"; };
		323F32202B1A2BF9002A27A5 /* authManager.swift */ = {isa = PBXFileReference; lastKnownFileType = sourcecode.swift; path = authManager.swift; sourceTree = "<group>"; };
		323F32242B1A3215002A27A5 /* homeView.swift */ = {isa = PBXFileReference; lastKnownFileType = sourcecode.swift; path = homeView.swift; sourceTree = "<group>"; };
		323F32262B1A352F002A27A5 /* rootView.swift */ = {isa = PBXFileReference; lastKnownFileType = sourcecode.swift; path = rootView.swift; sourceTree = "<group>"; };
		324571A82B1D79D400C9377E /* profileView.swift */ = {isa = PBXFileReference; lastKnownFileType = sourcecode.swift; path = profileView.swift; sourceTree = "<group>"; };
		3279973F2B1B6E75009255C4 /* emailUpdateView.swift */ = {isa = PBXFileReference; lastKnownFileType = sourcecode.swift; path = emailUpdateView.swift; sourceTree = "<group>"; };
		327997412B1B7AE7009255C4 /* passwordUpdateView.swift */ = {isa = PBXFileReference; lastKnownFileType = sourcecode.swift; path = passwordUpdateView.swift; sourceTree = "<group>"; };
		329C24E92B1F6A4500AC7CD8 /* userManager.swift */ = {isa = PBXFileReference; lastKnownFileType = sourcecode.swift; path = userManager.swift; sourceTree = "<group>"; };
/* End PBXFileReference section */

/* Begin PBXFrameworksBuildPhase section */
		323F32002B1A2265002A27A5 /* Frameworks */ = {
			isa = PBXFrameworksBuildPhase;
			buildActionMask = 2147483647;
			files = (
				324571A72B1D793C00C9377E /* FirebaseFirestoreSwift in Frameworks */,
				323F321A2B1A2394002A27A5 /* FirebaseAnalyticsSwift in Frameworks */,
				324571A52B1D793C00C9377E /* FirebaseFirestore in Frameworks */,
				323F321D2B1A265C002A27A5 /* FirebaseAuth in Frameworks */,
				323F32182B1A2394002A27A5 /* FirebaseAnalytics in Frameworks */,
			);
			runOnlyForDeploymentPostprocessing = 0;
		};
/* End PBXFrameworksBuildPhase section */

/* Begin PBXGroup section */
		323F31FA2B1A2265002A27A5 = {
			isa = PBXGroup;
			children = (
				323F32052B1A2265002A27A5 /* securePass */,
				323F32042B1A2265002A27A5 /* Products */,
				323F321B2B1A265C002A27A5 /* Frameworks */,
			);
			sourceTree = "<group>";
		};
		323F32042B1A2265002A27A5 /* Products */ = {
			isa = PBXGroup;
			children = (
				323F32032B1A2265002A27A5 /* securePass.app */,
			);
			name = Products;
			sourceTree = "<group>";
		};
		323F32052B1A2265002A27A5 /* securePass */ = {
			isa = PBXGroup;
			children = (
				323F32142B1A2322002A27A5 /* GoogleService-Info.plist */,
				323F32062B1A2265002A27A5 /* securePassApp.swift */,
				324571A82B1D79D400C9377E /* profileView.swift */,
				323F32242B1A3215002A27A5 /* homeView.swift */,
				3279973F2B1B6E75009255C4 /* emailUpdateView.swift */,
				327997412B1B7AE7009255C4 /* passwordUpdateView.swift */,
				323F32262B1A352F002A27A5 /* rootView.swift */,
				323F32082B1A2265002A27A5 /* ContentView.swift */,
				323F32202B1A2BF9002A27A5 /* authManager.swift */,
				329C24E92B1F6A4500AC7CD8 /* userManager.swift */,
				323F321E2B1A2825002A27A5 /* emailSignInView.swift */,
				323F320A2B1A2267002A27A5 /* Assets.xcassets */,
				323F320C2B1A2267002A27A5 /* Preview Content */,
			);
			path = securePass;
			sourceTree = "<group>";
		};
		323F320C2B1A2267002A27A5 /* Preview Content */ = {
			isa = PBXGroup;
			children = (
				323F320D2B1A2267002A27A5 /* Preview Assets.xcassets */,
			);
			path = "Preview Content";
			sourceTree = "<group>";
		};
		323F321B2B1A265C002A27A5 /* Frameworks */ = {
			isa = PBXGroup;
			children = (
			);
			name = Frameworks;
			sourceTree = "<group>";
		};
/* End PBXGroup section */

/* Begin PBXNativeTarget section */
		323F32022B1A2265002A27A5 /* securePass */ = {
			isa = PBXNativeTarget;
			buildConfigurationList = 323F32112B1A2267002A27A5 /* Build configuration list for PBXNativeTarget "securePass" */;
			buildPhases = (
				323F31FF2B1A2265002A27A5 /* Sources */,
				323F32002B1A2265002A27A5 /* Frameworks */,
				323F32012B1A2265002A27A5 /* Resources */,
			);
			buildRules = (
			);
			dependencies = (
			);
			name = securePass;
			packageProductDependencies = (
				323F32172B1A2394002A27A5 /* FirebaseAnalytics */,
				323F32192B1A2394002A27A5 /* FirebaseAnalyticsSwift */,
				323F321C2B1A265C002A27A5 /* FirebaseAuth */,
				324571A42B1D793C00C9377E /* FirebaseFirestore */,
				324571A62B1D793C00C9377E /* FirebaseFirestoreSwift */,
			);
			productName = securePass;
			productReference = 323F32032B1A2265002A27A5 /* securePass.app */;
			productType = "com.apple.product-type.application";
		};
/* End PBXNativeTarget section */

/* Begin PBXProject section */
		323F31FB2B1A2265002A27A5 /* Project object */ = {
			isa = PBXProject;
			attributes = {
				BuildIndependentTargetsInParallel = 1;
				LastSwiftUpdateCheck = 1430;
				LastUpgradeCheck = 1430;
				TargetAttributes = {
					323F32022B1A2265002A27A5 = {
						CreatedOnToolsVersion = 14.3.1;
					};
				};
			};
			buildConfigurationList = 323F31FE2B1A2265002A27A5 /* Build configuration list for PBXProject "securePass" */;
			compatibilityVersion = "Xcode 14.0";
			developmentRegion = en;
			hasScannedForEncodings = 0;
			knownRegions = (
				en,
				Base,
			);
			mainGroup = 323F31FA2B1A2265002A27A5;
			packageReferences = (
				323F32162B1A2394002A27A5 /* XCRemoteSwiftPackageReference "firebase-ios-sdk" */,
			);
			productRefGroup = 323F32042B1A2265002A27A5 /* Products */;
			projectDirPath = "";
			projectRoot = "";
			targets = (
				323F32022B1A2265002A27A5 /* securePass */,
			);
		};
/* End PBXProject section */

/* Begin PBXResourcesBuildPhase section */
		323F32012B1A2265002A27A5 /* Resources */ = {
			isa = PBXResourcesBuildPhase;
			buildActionMask = 2147483647;
			files = (
				323F320E2B1A2267002A27A5 /* Preview Assets.xcassets in Resources */,
				323F320B2B1A2267002A27A5 /* Assets.xcassets in Resources */,
				323F32152B1A2323002A27A5 /* GoogleService-Info.plist in Resources */,
			);
			runOnlyForDeploymentPostprocessing = 0;
		};
/* End PBXResourcesBuildPhase section */

/* Begin PBXSourcesBuildPhase section */
		323F31FF2B1A2265002A27A5 /* Sources */ = {
			isa = PBXSourcesBuildPhase;
			buildActionMask = 2147483647;
			files = (
				323F32092B1A2265002A27A5 /* ContentView.swift in Sources */,
				323F32212B1A2BF9002A27A5 /* authManager.swift in Sources */,
				327997402B1B6E76009255C4 /* emailUpdateView.swift in Sources */,
				323F32072B1A2265002A27A5 /* securePassApp.swift in Sources */,
				327997422B1B7AE7009255C4 /* passwordUpdateView.swift in Sources */,
				323F32252B1A3215002A27A5 /* homeView.swift in Sources */,
				323F32272B1A352F002A27A5 /* rootView.swift in Sources */,
				323F321F2B1A2825002A27A5 /* emailSignInView.swift in Sources */,
				329C24EA2B1F6A4500AC7CD8 /* userManager.swift in Sources */,
				324571A92B1D79D400C9377E /* profileView.swift in Sources */,
			);
			runOnlyForDeploymentPostprocessing = 0;
		};
/* End PBXSourcesBuildPhase section */

/* Begin XCBuildConfiguration section */
		323F320F2B1A2267002A27A5 /* Debug */ = {
			isa = XCBuildConfiguration;
			buildSettings = {
				ALWAYS_SEARCH_USER_PATHS = NO;
				CLANG_ANALYZER_NONNULL = YES;
				CLANG_ANALYZER_NUMBER_OBJECT_CONVERSION = YES_AGGRESSIVE;
				CLANG_CXX_LANGUAGE_STANDARD = "gnu++20";
				CLANG_ENABLE_MODULES = YES;
				CLANG_ENABLE_OBJC_ARC = YES;
				CLANG_ENABLE_OBJC_WEAK = YES;
				CLANG_WARN_BLOCK_CAPTURE_AUTORELEASING = YES;
				CLANG_WARN_BOOL_CONVERSION = YES;
				CLANG_WARN_COMMA = YES;
				CLANG_WARN_CONSTANT_CONVERSION = YES;
				CLANG_WARN_DEPRECATED_OBJC_IMPLEMENTATIONS = YES;
				CLANG_WARN_DIRECT_OBJC_ISA_USAGE = YES_ERROR;
				CLANG_WARN_DOCUMENTATION_COMMENTS = YES;
				CLANG_WARN_EMPTY_BODY = YES;
				CLANG_WARN_ENUM_CONVERSION = YES;
				CLANG_WARN_INFINITE_RECURSION = YES;
				CLANG_WARN_INT_CONVERSION = YES;
				CLANG_WARN_NON_LITERAL_NULL_CONVERSION = YES;
				CLANG_WARN_OBJC_IMPLICIT_RETAIN_SELF = YES;
				CLANG_WARN_OBJC_LITERAL_CONVERSION = YES;
				CLANG_WARN_OBJC_ROOT_CLASS = YES_ERROR;
				CLANG_WARN_QUOTED_INCLUDE_IN_FRAMEWORK_HEADER = YES;
				CLANG_WARN_RANGE_LOOP_ANALYSIS = YES;
				CLANG_WARN_STRICT_PROTOTYPES = YES;
				CLANG_WARN_SUSPICIOUS_MOVE = YES;
				CLANG_WARN_UNGUARDED_AVAILABILITY = YES_AGGRESSIVE;
				CLANG_WARN_UNREACHABLE_CODE = YES;
				CLANG_WARN__DUPLICATE_METHOD_MATCH = YES;
				COPY_PHASE_STRIP = NO;
				DEBUG_INFORMATION_FORMAT = dwarf;
				ENABLE_STRICT_OBJC_MSGSEND = YES;
				ENABLE_TESTABILITY = YES;
				GCC_C_LANGUAGE_STANDARD = gnu11;
				GCC_DYNAMIC_NO_PIC = NO;
				GCC_NO_COMMON_BLOCKS = YES;
				GCC_OPTIMIZATION_LEVEL = 0;
				GCC_PREPROCESSOR_DEFINITIONS = (
					"DEBUG=1",
					"$(inherited)",
				);
				GCC_WARN_64_TO_32_BIT_CONVERSION = YES;
				GCC_WARN_ABOUT_RETURN_TYPE = YES_ERROR;
				GCC_WARN_UNDECLARED_SELECTOR = YES;
				GCC_WARN_UNINITIALIZED_AUTOS = YES_AGGRESSIVE;
				GCC_WARN_UNUSED_FUNCTION = YES;
				GCC_WARN_UNUSED_VARIABLE = YES;
				IPHONEOS_DEPLOYMENT_TARGET = 16.4;
				MTL_ENABLE_DEBUG_INFO = INCLUDE_SOURCE;
				MTL_FAST_MATH = YES;
				ONLY_ACTIVE_ARCH = YES;
				SDKROOT = iphoneos;
				SWIFT_ACTIVE_COMPILATION_CONDITIONS = DEBUG;
				SWIFT_OPTIMIZATION_LEVEL = "-Onone";
			};
			name = Debug;
		};
		323F32102B1A2267002A27A5 /* Release */ = {
			isa = XCBuildConfiguration;
			buildSettings = {
				ALWAYS_SEARCH_USER_PATHS = NO;
				CLANG_ANALYZER_NONNULL = YES;
				CLANG_ANALYZER_NUMBER_OBJECT_CONVERSION = YES_AGGRESSIVE;
				CLANG_CXX_LANGUAGE_STANDARD = "gnu++20";
				CLANG_ENABLE_MODULES = YES;
				CLANG_ENABLE_OBJC_ARC = YES;
				CLANG_ENABLE_OBJC_WEAK = YES;
				CLANG_WARN_BLOCK_CAPTURE_AUTORELEASING = YES;
				CLANG_WARN_BOOL_CONVERSION = YES;
				CLANG_WARN_COMMA = YES;
				CLANG_WARN_CONSTANT_CONVERSION = YES;
				CLANG_WARN_DEPRECATED_OBJC_IMPLEMENTATIONS = YES;
				CLANG_WARN_DIRECT_OBJC_ISA_USAGE = YES_ERROR;
				CLANG_WARN_DOCUMENTATION_COMMENTS = YES;
				CLANG_WARN_EMPTY_BODY = YES;
				CLANG_WARN_ENUM_CONVERSION = YES;
				CLANG_WARN_INFINITE_RECURSION = YES;
				CLANG_WARN_INT_CONVERSION = YES;
				CLANG_WARN_NON_LITERAL_NULL_CONVERSION = YES;
				CLANG_WARN_OBJC_IMPLICIT_RETAIN_SELF = YES;
				CLANG_WARN_OBJC_LITERAL_CONVERSION = YES;
				CLANG_WARN_OBJC_ROOT_CLASS = YES_ERROR;
				CLANG_WARN_QUOTED_INCLUDE_IN_FRAMEWORK_HEADER = YES;
				CLANG_WARN_RANGE_LOOP_ANALYSIS = YES;
				CLANG_WARN_STRICT_PROTOTYPES = YES;
				CLANG_WARN_SUSPICIOUS_MOVE = YES;
				CLANG_WARN_UNGUARDED_AVAILABILITY = YES_AGGRESSIVE;
				CLANG_WARN_UNREACHABLE_CODE = YES;
				CLANG_WARN__DUPLICATE_METHOD_MATCH = YES;
				COPY_PHASE_STRIP = NO;
				DEBUG_INFORMATION_FORMAT = "dwarf-with-dsym";
				ENABLE_NS_ASSERTIONS = NO;
				ENABLE_STRICT_OBJC_MSGSEND = YES;
				GCC_C_LANGUAGE_STANDARD = gnu11;
				GCC_NO_COMMON_BLOCKS = YES;
				GCC_WARN_64_TO_32_BIT_CONVERSION = YES;
				GCC_WARN_ABOUT_RETURN_TYPE = YES_ERROR;
				GCC_WARN_UNDECLARED_SELECTOR = YES;
				GCC_WARN_UNINITIALIZED_AUTOS = YES_AGGRESSIVE;
				GCC_WARN_UNUSED_FUNCTION = YES;
				GCC_WARN_UNUSED_VARIABLE = YES;
				IPHONEOS_DEPLOYMENT_TARGET = 16.4;
				MTL_ENABLE_DEBUG_INFO = NO;
				MTL_FAST_MATH = YES;
				SDKROOT = iphoneos;
				SWIFT_COMPILATION_MODE = wholemodule;
				SWIFT_OPTIMIZATION_LEVEL = "-O";
				VALIDATE_PRODUCT = YES;
			};
			name = Release;
		};
		323F32122B1A2267002A27A5 /* Debug */ = {
			isa = XCBuildConfiguration;
			buildSettings = {
				ASSETCATALOG_COMPILER_APPICON_NAME = AppIcon;
				ASSETCATALOG_COMPILER_GLOBAL_ACCENT_COLOR_NAME = AccentColor;
				CODE_SIGN_STYLE = Automatic;
				CURRENT_PROJECT_VERSION = 1;
				DEVELOPMENT_ASSET_PATHS = "\"securePass/Preview Content\"";
				ENABLE_PREVIEWS = YES;
				GENERATE_INFOPLIST_FILE = YES;
				INFOPLIST_KEY_UIApplicationSceneManifest_Generation = YES;
				INFOPLIST_KEY_UIApplicationSupportsIndirectInputEvents = YES;
				INFOPLIST_KEY_UILaunchScreen_Generation = YES;
				INFOPLIST_KEY_UISupportedInterfaceOrientations_iPad = "UIInterfaceOrientationPortrait UIInterfaceOrientationPortraitUpsideDown UIInterfaceOrientationLandscapeLeft UIInterfaceOrientationLandscapeRight";
				INFOPLIST_KEY_UISupportedInterfaceOrientations_iPhone = "UIInterfaceOrientationPortrait UIInterfaceOrientationLandscapeLeft UIInterfaceOrientationLandscapeRight";
				LD_RUNPATH_SEARCH_PATHS = (
					"$(inherited)",
					"@executable_path/Frameworks",
				);
				MARKETING_VERSION = 1.0;
				PRODUCT_BUNDLE_IDENTIFIER = e.securePass;
				PRODUCT_NAME = "$(TARGET_NAME)";
				SWIFT_EMIT_LOC_STRINGS = YES;
				SWIFT_VERSION = 5.0;
				TARGETED_DEVICE_FAMILY = "1,2";
			};
			name = Debug;
		};
		323F32132B1A2267002A27A5 /* Release */ = {
			isa = XCBuildConfiguration;
			buildSettings = {
				ASSETCATALOG_COMPILER_APPICON_NAME = AppIcon;
				ASSETCATALOG_COMPILER_GLOBAL_ACCENT_COLOR_NAME = AccentColor;
				CODE_SIGN_STYLE = Automatic;
				CURRENT_PROJECT_VERSION = 1;
				DEVELOPMENT_ASSET_PATHS = "\"securePass/Preview Content\"";
				ENABLE_PREVIEWS = YES;
				GENERATE_INFOPLIST_FILE = YES;
				INFOPLIST_KEY_UIApplicationSceneManifest_Generation = YES;
				INFOPLIST_KEY_UIApplicationSupportsIndirectInputEvents = YES;
				INFOPLIST_KEY_UILaunchScreen_Generation = YES;
				INFOPLIST_KEY_UISupportedInterfaceOrientations_iPad = "UIInterfaceOrientationPortrait UIInterfaceOrientationPortraitUpsideDown UIInterfaceOrientationLandscapeLeft UIInterfaceOrientationLandscapeRight";
				INFOPLIST_KEY_UISupportedInterfaceOrientations_iPhone = "UIInterfaceOrientationPortrait UIInterfaceOrientationLandscapeLeft UIInterfaceOrientationLandscapeRight";
				LD_RUNPATH_SEARCH_PATHS = (
					"$(inherited)",
					"@executable_path/Frameworks",
				);
				MARKETING_VERSION = 1.0;
				PRODUCT_BUNDLE_IDENTIFIER = e.securePass;
				PRODUCT_NAME = "$(TARGET_NAME)";
				SWIFT_EMIT_LOC_STRINGS = YES;
				SWIFT_VERSION = 5.0;
				TARGETED_DEVICE_FAMILY = "1,2";
			};
			name = Release;
		};
/* End XCBuildConfiguration section */

/* Begin XCConfigurationList section */
		323F31FE2B1A2265002A27A5 /* Build configuration list for PBXProject "securePass" */ = {
			isa = XCConfigurationList;
			buildConfigurations = (
				323F320F2B1A2267002A27A5 /* Debug */,
				323F32102B1A2267002A27A5 /* Release */,
			);
			defaultConfigurationIsVisible = 0;
			defaultConfigurationName = Release;
		};
		323F32112B1A2267002A27A5 /* Build configuration list for PBXNativeTarget "securePass" */ = {
			isa = XCConfigurationList;
			buildConfigurations = (
				323F32122B1A2267002A27A5 /* Debug */,
				323F32132B1A2267002A27A5 /* Release */,
			);
			defaultConfigurationIsVisible = 0;
			defaultConfigurationName = Release;
		};
/* End XCConfigurationList section */

/* Begin XCRemoteSwiftPackageReference section */
		323F32162B1A2394002A27A5 /* XCRemoteSwiftPackageReference "firebase-ios-sdk" */ = {
			isa = XCRemoteSwiftPackageReference;
			repositoryURL = "https://github.com/firebase/firebase-ios-sdk.git";
			requirement = {
				kind = upToNextMajorVersion;
				minimumVersion = 10.0.0;
			};
		};
/* End XCRemoteSwiftPackageReference section */

/* Begin XCSwiftPackageProductDependency section */
		323F32172B1A2394002A27A5 /* FirebaseAnalytics */ = {
			isa = XCSwiftPackageProductDependency;
			package = 323F32162B1A2394002A27A5 /* XCRemoteSwiftPackageReference "firebase-ios-sdk" */;
			productName = FirebaseAnalytics;
		};
		323F32192B1A2394002A27A5 /* FirebaseAnalyticsSwift */ = {
			isa = XCSwiftPackageProductDependency;
			package = 323F32162B1A2394002A27A5 /* XCRemoteSwiftPackageReference "firebase-ios-sdk" */;
			productName = FirebaseAnalyticsSwift;
		};
		323F321C2B1A265C002A27A5 /* FirebaseAuth */ = {
			isa = XCSwiftPackageProductDependency;
			package = 323F32162B1A2394002A27A5 /* XCRemoteSwiftPackageReference "firebase-ios-sdk" */;
			productName = FirebaseAuth;
		};
		324571A42B1D793C00C9377E /* FirebaseFirestore */ = {
			isa = XCSwiftPackageProductDependency;
			package = 323F32162B1A2394002A27A5 /* XCRemoteSwiftPackageReference "firebase-ios-sdk" */;
			productName = FirebaseFirestore;
		};
		324571A62B1D793C00C9377E /* FirebaseFirestoreSwift */ = {
			isa = XCSwiftPackageProductDependency;
			package = 323F32162B1A2394002A27A5 /* XCRemoteSwiftPackageReference "firebase-ios-sdk" */;
			productName = FirebaseFirestoreSwift;
		};
/* End XCSwiftPackageProductDependency section */
	};
	rootObject = 323F31FB2B1A2265002A27A5 /* Project object */;
}
